
Microsoft Visual Studio Solution File, Format Version 12.00
# Visual Studio Version 17
VisualStudioVersion = 17.10.35013.160
MinimumVisualStudioVersion = 10.0.40219.1
Project("{FAE04EC0-301F-11D3-BF4B-00C04F79EFBC}") = "cainfo", "cainfo.csproj", "{250C32D2-7DB2-4B68-A18B-0C31F593D68C}"
EndProject
Global
	GlobalSection(SolutionConfigurationPlatforms) = preSolution
		Debug|Any CPU = Debug|Any CPU
		Release|Any CPU = Release|Any CPU
	EndGlobalSection
	GlobalSection(ProjectConfigurationPlatforms) = postSolution
		{250C32D2-7DB2-4B68-A18B-0C31F593D68C}.Debug|Any CPU.ActiveCfg = Debug|Any CPU
		{250C32D2-7DB2-4B68-A18B-0C31F593D68C}.Debug|Any CPU.Build.0 = Debug|Any CPU
		{250C32D2-7DB2-4B68-A18B-0C31F593D68C}.Release|Any CPU.ActiveCfg = Release|Any CPU
		{250C32D2-7DB2-4B68-A18B-0C31F593D68C}.Release|Any CPU.Build.0 = Release|Any CPU
	EndGlobalSection
	GlobalSection(SolutionProperties) = preSolution
		HideSolutionNode = FALSE
	EndGlobalSection
	GlobalSection(ExtensibilityGlobals) = postSolution
		SolutionGuid = {CB7997AD-ED6F-427B-8D75-FFDA1CA27046}
	EndGlobalSection
EndGlobal
